<?xml version="1.0" encoding="utf-8"?>
<Project ToolsVersion="4.0" xmlns="http://schemas.microsoft.com/developer/msbuild/2003">
  <ItemGroup>
    <Filter Include="리소스 파일">
      <UniqueIdentifier>{67DA6AB6-F800-4c08-8B7A-83BB121AAD01}</UniqueIdentifier>
      <Extensions>rc;ico;cur;bmp;dlg;rc2;rct;bin;rgs;gif;jpg;jpeg;jpe;resx;tiff;tif;png;wav;mfcribbon-ms</Extensions>
    </Filter>
    <Filter Include="Scenes">
      <UniqueIdentifier>{049c6f28-131d-4cba-8f9a-1743f36b188f}</UniqueIdentifier>
    </Filter>
    <Filter Include="System">
      <UniqueIdentifier>{2852ce90-464e-418a-a975-f74c846596a9}</UniqueIdentifier>
    </Filter>
    <Filter Include="Objects">
      <UniqueIdentifier>{c0538667-0ed6-407b-9f95-d2207cc41dc0}</UniqueIdentifier>
    </Filter>
    <Filter Include="Tools">
      <UniqueIdentifier>{72b2763e-7fe4-4fe0-94fd-9da869d5644c}</UniqueIdentifier>
    </Filter>
  </ItemGroup>
  <ItemGroup>
    <ClCompile Include="Main.cpp" />
    <ClCompile Include="InGameScene.cpp">
      <Filter>Scenes</Filter>
    </ClCompile>
    <ClCompile Include="LoadingScene.cpp">
      <Filter>Scenes</Filter>
    </ClCompile>
    <ClCompile Include="World.cpp">
      <Filter>System</Filter>
    </ClCompile>
    <ClCompile Include="Player.cpp">
      <Filter>Objects</Filter>
    </ClCompile>
    <ClCompile Include="Block.cpp">
      <Filter>Objects</Filter>
    </ClCompile>
    <ClCompile Include="WorldGenerator.cpp">
      <Filter>System</Filter>
    </ClCompile>
    <ClCompile Include="Sector.cpp">
      <Filter>Objects</Filter>
    </ClCompile>
    <ClCompile Include="TextureData.cpp">
      <Filter>System</Filter>
    </ClCompile>
    <ClCompile Include="Setting.cpp">
      <Filter>System</Filter>
    </ClCompile>
    <ClCompile Include="MenuScene.cpp">
      <Filter>Scenes</Filter>
    </ClCompile>
    <ClCompile Include="WorldList.cpp">
      <Filter>System</Filter>
    </ClCompile>
    <ClCompile Include="BlockCollider.cpp">
      <Filter>Objects</Filter>
    </ClCompile>
  </ItemGroup>
  <ItemGroup>
    <ClInclude Include="Main.h" />
    <ClInclude Include="stdafx.h" />
    <ClInclude Include="InGameScene.h">
      <Filter>Scenes</Filter>
    </ClInclude>
    <ClInclude Include="LoadingScene.h">
      <Filter>Scenes</Filter>
    </ClInclude>
    <ClInclude Include="World.h">
      <Filter>System</Filter>
    </ClInclude>
    <ClInclude Include="Player.h">
      <Filter>Objects</Filter>
    </ClInclude>
    <ClInclude Include="Block.h">
      <Filter>Objects</Filter>
    </ClInclude>
    <ClInclude Include="WorldGenerator.h">
      <Filter>System</Filter>
    </ClInclude>
    <ClInclude Include="Sector.h">
      <Filter>Objects</Filter>
    </ClInclude>
    <ClInclude Include="TextureData.h">
      <Filter>System</Filter>
    </ClInclude>
    <ClInclude Include="Setting.h">
      <Filter>System</Filter>
    </ClInclude>
    <ClInclude Include="MenuScene.h">
      <Filter>Scenes</Filter>
    </ClInclude>
    <ClInclude Include="WorldList.h">
      <Filter>System</Filter>
    </ClInclude>
    <ClInclude Include="BlockCollider.h">
      <Filter>Objects</Filter>
    </ClInclude>
  </ItemGroup>
  <ItemGroup>
    <None Include="imgui.ini">
      <Filter>System</Filter>
    </None>
    <None Include="window.ini">
      <Filter>System</Filter>
    </None>
  </ItemGroup>
</Project>